// !$*UTF8*$!
{
	archiveVersion = 1;
	classes = {
	};
	objectVersion = 46;
	objects = {

/* Begin PBXBuildFile section */
		0D7B9E5CA1CA2BDC0CAED0D6 /* libPods.a in Frameworks */ = {isa = PBXBuildFile; fileRef = 63D21E66F63AE33BD7CFD1D2 /* libPods.a */; };
		C69C256616D453140008038E /* Default-568h@2x.png in Resources */ = {isa = PBXBuildFile; fileRef = C69C256516D453140008038E /* Default-568h@2x.png */; };
		C69C256916D4534E0008038E /* Person.m in Sources */ = {isa = PBXBuildFile; fileRef = C69C256816D4534E0008038E /* Person.m */; };
		C69C256C16D466B40008038E /* Car.m in Sources */ = {isa = PBXBuildFile; fileRef = C69C256B16D466B40008038E /* Car.m */; };
		C69C256F16D46BA00008038E /* Engine.m in Sources */ = {isa = PBXBuildFile; fileRef = C69C256E16D46BA00008038E /* Engine.m */; };
		C69C257116D471370008038E /* BWObjectMappingSpec.m in Sources */ = {isa = PBXBuildFile; fileRef = C69C257016D471370008038E /* BWObjectMappingSpec.m */; };
		C69C257416D4729A0008038E /* MappingProvider.m in Sources */ = {isa = PBXBuildFile; fileRef = C69C257316D4729A0008038E /* MappingProvider.m */; };
		C69C257916D4FAA30008038E /* Wheel.m in Sources */ = {isa = PBXBuildFile; fileRef = C69C257816D4FAA30008038E /* Wheel.m */; };
		E7018D5515C65FB000D3ADEE /* Entity.m in Sources */ = {isa = PBXBuildFile; fileRef = E7018D5415C65FB000D3ADEE /* Entity.m */; };
		E79D42DA16F8DE6700F4FEA9 /* BWObjectMappingStringSpecs.m in Sources */ = {isa = PBXBuildFile; fileRef = E79D42D916F8DE6700F4FEA9 /* BWObjectMappingStringSpecs.m */; };
		E7B6880F15BAA9E700002F08 /* UIKit.framework in Frameworks */ = {isa = PBXBuildFile; fileRef = E7B6880E15BAA9E700002F08 /* UIKit.framework */; };
		E7B6881115BAA9E700002F08 /* Foundation.framework in Frameworks */ = {isa = PBXBuildFile; fileRef = E7B6881015BAA9E700002F08 /* Foundation.framework */; };
		E7B6881315BAA9E700002F08 /* CoreGraphics.framework in Frameworks */ = {isa = PBXBuildFile; fileRef = E7B6881215BAA9E700002F08 /* CoreGraphics.framework */; };
		E7B6881515BAA9E700002F08 /* CoreData.framework in Frameworks */ = {isa = PBXBuildFile; fileRef = E7B6881415BAA9E700002F08 /* CoreData.framework */; };
		E7B6881B15BAA9E700002F08 /* InfoPlist.strings in Resources */ = {isa = PBXBuildFile; fileRef = E7B6881915BAA9E700002F08 /* InfoPlist.strings */; };
		E7B6881D15BAA9E700002F08 /* main.m in Sources */ = {isa = PBXBuildFile; fileRef = E7B6881C15BAA9E700002F08 /* main.m */; };
		E7B6882115BAA9E700002F08 /* AppDelegate.m in Sources */ = {isa = PBXBuildFile; fileRef = E7B6882015BAA9E700002F08 /* AppDelegate.m */; };
		E7B6882415BAA9E700002F08 /* BWObjectMappingDemo.xcdatamodeld in Sources */ = {isa = PBXBuildFile; fileRef = E7B6882215BAA9E700002F08 /* BWObjectMappingDemo.xcdatamodeld */; };
		E7B6882C15BAA9E700002F08 /* SenTestingKit.framework in Frameworks */ = {isa = PBXBuildFile; fileRef = E7B6882B15BAA9E700002F08 /* SenTestingKit.framework */; };
		E7B6882D15BAA9E700002F08 /* UIKit.framework in Frameworks */ = {isa = PBXBuildFile; fileRef = E7B6880E15BAA9E700002F08 /* UIKit.framework */; };
		E7B6882E15BAA9E700002F08 /* Foundation.framework in Frameworks */ = {isa = PBXBuildFile; fileRef = E7B6881015BAA9E700002F08 /* Foundation.framework */; };
		E7B6882F15BAA9E700002F08 /* CoreData.framework in Frameworks */ = {isa = PBXBuildFile; fileRef = E7B6881415BAA9E700002F08 /* CoreData.framework */; };
		E7B6883715BAA9E700002F08 /* InfoPlist.strings in Resources */ = {isa = PBXBuildFile; fileRef = E7B6883515BAA9E700002F08 /* InfoPlist.strings */; };
		E7B689FE15BAB5C700002F08 /* libKiwi.a in Frameworks */ = {isa = PBXBuildFile; fileRef = E7B689FD15BAB5C700002F08 /* libKiwi.a */; };
		E7B68A0015BAB69000002F08 /* BWObjectMapperSpecs.m in Sources */ = {isa = PBXBuildFile; fileRef = E7B689FF15BAB69000002F08 /* BWObjectMapperSpecs.m */; };
		E7B68A0D15BC5DC900002F08 /* Comment.m in Sources */ = {isa = PBXBuildFile; fileRef = E7B68A0C15BC5DC900002F08 /* Comment.m */; };
		E7B68A2A15BC98A100002F08 /* User.m in Sources */ = {isa = PBXBuildFile; fileRef = E7B68A2815BC98A100002F08 /* User.m */; };
/* End PBXBuildFile section */

/* Begin PBXContainerItemProxy section */
		E7B6883015BAA9E700002F08 /* PBXContainerItemProxy */ = {
			isa = PBXContainerItemProxy;
			containerPortal = E7B6880115BAA9E700002F08 /* Project object */;
			proxyType = 1;
			remoteGlobalIDString = E7B6880915BAA9E700002F08;
			remoteInfo = BWObjectMappingDemo;
		};
/* End PBXContainerItemProxy section */

/* Begin PBXFileReference section */
		4C0B7CAF967332D4AD4E5536 /* Pods.release.xcconfig */ = {isa = PBXFileReference; includeInIndex = 1; lastKnownFileType = text.xcconfig; name = Pods.release.xcconfig; path = "Pods/Target Support Files/Pods/Pods.release.xcconfig"; sourceTree = "<group>"; };
		63D21E66F63AE33BD7CFD1D2 /* libPods.a */ = {isa = PBXFileReference; explicitFileType = archive.ar; includeInIndex = 0; path = libPods.a; sourceTree = BUILT_PRODUCTS_DIR; };
		C69C256516D453140008038E /* Default-568h@2x.png */ = {isa = PBXFileReference; lastKnownFileType = image.png; name = "Default-568h@2x.png"; path = "../Default-568h@2x.png"; sourceTree = "<group>"; };
		C69C256716D4534E0008038E /* Person.h */ = {isa = PBXFileReference; fileEncoding = 4; lastKnownFileType = sourcecode.c.h; path = Person.h; sourceTree = "<group>"; };
		C69C256816D4534E0008038E /* Person.m */ = {isa = PBXFileReference; fileEncoding = 4; lastKnownFileType = sourcecode.c.objc; path = Person.m; sourceTree = "<group>"; };
		C69C256A16D466B40008038E /* Car.h */ = {isa = PBXFileReference; fileEncoding = 4; lastKnownFileType = sourcecode.c.h; path = Car.h; sourceTree = "<group>"; };
		C69C256B16D466B40008038E /* Car.m */ = {isa = PBXFileReference; fileEncoding = 4; lastKnownFileType = sourcecode.c.objc; path = Car.m; sourceTree = "<group>"; };
		C69C256D16D46BA00008038E /* Engine.h */ = {isa = PBXFileReference; fileEncoding = 4; lastKnownFileType = sourcecode.c.h; path = Engine.h; sourceTree = "<group>"; };
		C69C256E16D46BA00008038E /* Engine.m */ = {isa = PBXFileReference; fileEncoding = 4; lastKnownFileType = sourcecode.c.objc; path = Engine.m; sourceTree = "<group>"; };
		C69C257016D471370008038E /* BWObjectMappingSpec.m */ = {isa = PBXFileReference; fileEncoding = 4; lastKnownFileType = sourcecode.c.objc; path = BWObjectMappingSpec.m; sourceTree = "<group>"; };
		C69C257216D4729A0008038E /* MappingProvider.h */ = {isa = PBXFileReference; fileEncoding = 4; lastKnownFileType = sourcecode.c.h; path = MappingProvider.h; sourceTree = "<group>"; };
		C69C257316D4729A0008038E /* MappingProvider.m */ = {isa = PBXFileReference; fileEncoding = 4; lastKnownFileType = sourcecode.c.objc; path = MappingProvider.m; sourceTree = "<group>"; };
		C69C257716D4FAA30008038E /* Wheel.h */ = {isa = PBXFileReference; fileEncoding = 4; lastKnownFileType = sourcecode.c.h; path = Wheel.h; sourceTree = "<group>"; };
		C69C257816D4FAA30008038E /* Wheel.m */ = {isa = PBXFileReference; fileEncoding = 4; lastKnownFileType = sourcecode.c.objc; path = Wheel.m; sourceTree = "<group>"; };
		CE4B1DA70BD01FCD848B20F4 /* Pods.debug.xcconfig */ = {isa = PBXFileReference; includeInIndex = 1; lastKnownFileType = text.xcconfig; name = Pods.debug.xcconfig; path = "Pods/Target Support Files/Pods/Pods.debug.xcconfig"; sourceTree = "<group>"; };
		E7018D5315C65FB000D3ADEE /* Entity.h */ = {isa = PBXFileReference; fileEncoding = 4; lastKnownFileType = sourcecode.c.h; path = Entity.h; sourceTree = "<group>"; };
		E7018D5415C65FB000D3ADEE /* Entity.m */ = {isa = PBXFileReference; fileEncoding = 4; lastKnownFileType = sourcecode.c.objc; path = Entity.m; sourceTree = "<group>"; };
		E79D42D916F8DE6700F4FEA9 /* BWObjectMappingStringSpecs.m */ = {isa = PBXFileReference; fileEncoding = 4; lastKnownFileType = sourcecode.c.objc; path = BWObjectMappingStringSpecs.m; sourceTree = "<group>"; };
		E7B6880A15BAA9E700002F08 /* BWObjectMappingDemo.app */ = {isa = PBXFileReference; explicitFileType = wrapper.application; includeInIndex = 0; path = BWObjectMappingDemo.app; sourceTree = BUILT_PRODUCTS_DIR; };
		E7B6880E15BAA9E700002F08 /* UIKit.framework */ = {isa = PBXFileReference; lastKnownFileType = wrapper.framework; name = UIKit.framework; path = System/Library/Frameworks/UIKit.framework; sourceTree = SDKROOT; };
		E7B6881015BAA9E700002F08 /* Foundation.framework */ = {isa = PBXFileReference; lastKnownFileType = wrapper.framework; name = Foundation.framework; path = System/Library/Frameworks/Foundation.framework; sourceTree = SDKROOT; };
		E7B6881215BAA9E700002F08 /* CoreGraphics.framework */ = {isa = PBXFileReference; lastKnownFileType = wrapper.framework; name = CoreGraphics.framework; path = System/Library/Frameworks/CoreGraphics.framework; sourceTree = SDKROOT; };
		E7B6881415BAA9E700002F08 /* CoreData.framework */ = {isa = PBXFileReference; lastKnownFileType = wrapper.framework; name = CoreData.framework; path = System/Library/Frameworks/CoreData.framework; sourceTree = SDKROOT; };
		E7B6881815BAA9E700002F08 /* BWObjectMappingDemo-Info.plist */ = {isa = PBXFileReference; lastKnownFileType = text.plist.xml; path = "BWObjectMappingDemo-Info.plist"; sourceTree = "<group>"; };
		E7B6881A15BAA9E700002F08 /* en */ = {isa = PBXFileReference; lastKnownFileType = text.plist.strings; name = en; path = en.lproj/InfoPlist.strings; sourceTree = "<group>"; };
		E7B6881C15BAA9E700002F08 /* main.m */ = {isa = PBXFileReference; lastKnownFileType = sourcecode.c.objc; path = main.m; sourceTree = "<group>"; };
		E7B6881E15BAA9E700002F08 /* BWObjectMappingDemo-Prefix.pch */ = {isa = PBXFileReference; lastKnownFileType = sourcecode.c.h; path = "BWObjectMappingDemo-Prefix.pch"; sourceTree = "<group>"; };
		E7B6881F15BAA9E700002F08 /* AppDelegate.h */ = {isa = PBXFileReference; lastKnownFileType = sourcecode.c.h; path = AppDelegate.h; sourceTree = "<group>"; };
		E7B6882015BAA9E700002F08 /* AppDelegate.m */ = {isa = PBXFileReference; lastKnownFileType = sourcecode.c.objc; path = AppDelegate.m; sourceTree = "<group>"; };
		E7B6882315BAA9E700002F08 /* BWObjectMappingDemo.xcdatamodel */ = {isa = PBXFileReference; lastKnownFileType = wrapper.xcdatamodel; path = BWObjectMappingDemo.xcdatamodel; sourceTree = "<group>"; };
		E7B6882A15BAA9E700002F08 /* BWObjectMappingDemoTests.octest */ = {isa = PBXFileReference; explicitFileType = wrapper.cfbundle; includeInIndex = 0; path = BWObjectMappingDemoTests.octest; sourceTree = BUILT_PRODUCTS_DIR; };
		E7B6882B15BAA9E700002F08 /* SenTestingKit.framework */ = {isa = PBXFileReference; lastKnownFileType = wrapper.framework; name = SenTestingKit.framework; path = Library/Frameworks/SenTestingKit.framework; sourceTree = DEVELOPER_DIR; };
		E7B6883415BAA9E700002F08 /* BWObjectMappingDemoTests-Info.plist */ = {isa = PBXFileReference; lastKnownFileType = text.plist.xml; path = "BWObjectMappingDemoTests-Info.plist"; sourceTree = "<group>"; };
		E7B6883615BAA9E700002F08 /* en */ = {isa = PBXFileReference; lastKnownFileType = text.plist.strings; name = en; path = en.lproj/InfoPlist.strings; sourceTree = "<group>"; };
		E7B689FD15BAB5C700002F08 /* libKiwi.a */ = {isa = PBXFileReference; lastKnownFileType = archive.ar; name = libKiwi.a; path = "../dev/xcodeBuilds/Release-iphoneos/libKiwi.a"; sourceTree = "<group>"; };
		E7B689FF15BAB69000002F08 /* BWObjectMapperSpecs.m */ = {isa = PBXFileReference; fileEncoding = 4; lastKnownFileType = sourcecode.c.objc; path = BWObjectMapperSpecs.m; sourceTree = "<group>"; };
		E7B68A0B15BC5DC900002F08 /* Comment.h */ = {isa = PBXFileReference; fileEncoding = 4; lastKnownFileType = sourcecode.c.h; name = Comment.h; path = BWObjectMappingDemo/Comment.h; sourceTree = SOURCE_ROOT; };
		E7B68A0C15BC5DC900002F08 /* Comment.m */ = {isa = PBXFileReference; fileEncoding = 4; lastKnownFileType = sourcecode.c.objc; name = Comment.m; path = BWObjectMappingDemo/Comment.m; sourceTree = SOURCE_ROOT; };
		E7B68A2815BC98A100002F08 /* User.m */ = {isa = PBXFileReference; fileEncoding = 4; lastKnownFileType = sourcecode.c.objc; path = User.m; sourceTree = "<group>"; };
		E7B68A2915BC98A100002F08 /* User.h */ = {isa = PBXFileReference; fileEncoding = 4; lastKnownFileType = sourcecode.c.h; path = User.h; sourceTree = "<group>"; };
/* End PBXFileReference section */

/* Begin PBXFrameworksBuildPhase section */
		E7B6880715BAA9E700002F08 /* Frameworks */ = {
			isa = PBXFrameworksBuildPhase;
			buildActionMask = 2147483647;
			files = (
				E7B6880F15BAA9E700002F08 /* UIKit.framework in Frameworks */,
				E7B6881115BAA9E700002F08 /* Foundation.framework in Frameworks */,
				E7B6881315BAA9E700002F08 /* CoreGraphics.framework in Frameworks */,
				E7B6881515BAA9E700002F08 /* CoreData.framework in Frameworks */,
				0D7B9E5CA1CA2BDC0CAED0D6 /* libPods.a in Frameworks */,
			);
			runOnlyForDeploymentPostprocessing = 0;
		};
		E7B6882615BAA9E700002F08 /* Frameworks */ = {
			isa = PBXFrameworksBuildPhase;
			buildActionMask = 2147483647;
			files = (
				E7B689FE15BAB5C700002F08 /* libKiwi.a in Frameworks */,
				E7B6882C15BAA9E700002F08 /* SenTestingKit.framework in Frameworks */,
				E7B6882D15BAA9E700002F08 /* UIKit.framework in Frameworks */,
				E7B6882E15BAA9E700002F08 /* Foundation.framework in Frameworks */,
				E7B6882F15BAA9E700002F08 /* CoreData.framework in Frameworks */,
			);
			runOnlyForDeploymentPostprocessing = 0;
		};
/* End PBXFrameworksBuildPhase section */

/* Begin PBXGroup section */
		BB2006F0F8FB650B65118709 /* Pods */ = {
			isa = PBXGroup;
			children = (
				CE4B1DA70BD01FCD848B20F4 /* Pods.debug.xcconfig */,
				4C0B7CAF967332D4AD4E5536 /* Pods.release.xcconfig */,
			);
			name = Pods;
			sourceTree = "<group>";
		};
		E7B687FF15BAA9E700002F08 = {
			isa = PBXGroup;
			children = (
				E7B6881615BAA9E700002F08 /* BWObjectMappingDemo */,
				E7B6883215BAA9E700002F08 /* BWObjectMappingDemoTests */,
				E7B6880D15BAA9E700002F08 /* Frameworks */,
				E7B6880B15BAA9E700002F08 /* Products */,
				BB2006F0F8FB650B65118709 /* Pods */,
			);
			sourceTree = "<group>";
		};
		E7B6880B15BAA9E700002F08 /* Products */ = {
			isa = PBXGroup;
			children = (
				E7B6880A15BAA9E700002F08 /* BWObjectMappingDemo.app */,
				E7B6882A15BAA9E700002F08 /* BWObjectMappingDemoTests.octest */,
			);
			name = Products;
			sourceTree = "<group>";
		};
		E7B6880D15BAA9E700002F08 /* Frameworks */ = {
			isa = PBXGroup;
			children = (
				E7B689FD15BAB5C700002F08 /* libKiwi.a */,
				E7B6880E15BAA9E700002F08 /* UIKit.framework */,
				E7B6881015BAA9E700002F08 /* Foundation.framework */,
				E7B6881215BAA9E700002F08 /* CoreGraphics.framework */,
				E7B6881415BAA9E700002F08 /* CoreData.framework */,
				E7B6882B15BAA9E700002F08 /* SenTestingKit.framework */,
				63D21E66F63AE33BD7CFD1D2 /* libPods.a */,
			);
			name = Frameworks;
			sourceTree = "<group>";
		};
		E7B6881615BAA9E700002F08 /* BWObjectMappingDemo */ = {
			isa = PBXGroup;
			children = (
				E7B6881F15BAA9E700002F08 /* AppDelegate.h */,
				E7B6882015BAA9E700002F08 /* AppDelegate.m */,
				C69C256A16D466B40008038E /* Car.h */,
				C69C256B16D466B40008038E /* Car.m */,
				E7B68A0B15BC5DC900002F08 /* Comment.h */,
				E7B68A0C15BC5DC900002F08 /* Comment.m */,
				E7B6882215BAA9E700002F08 /* BWObjectMappingDemo.xcdatamodeld */,
				C69C256D16D46BA00008038E /* Engine.h */,
				C69C256E16D46BA00008038E /* Engine.m */,
				E7018D5315C65FB000D3ADEE /* Entity.h */,
				E7018D5415C65FB000D3ADEE /* Entity.m */,
				C69C256716D4534E0008038E /* Person.h */,
				C69C256816D4534E0008038E /* Person.m */,
				E7B68A2915BC98A100002F08 /* User.h */,
				E7B68A2815BC98A100002F08 /* User.m */,
				C69C257716D4FAA30008038E /* Wheel.h */,
				C69C257816D4FAA30008038E /* Wheel.m */,
				C69C257216D4729A0008038E /* MappingProvider.h */,
				C69C257316D4729A0008038E /* MappingProvider.m */,
				E7B6881715BAA9E700002F08 /* Supporting Files */,
			);
			path = BWObjectMappingDemo;
			sourceTree = "<group>";
		};
		E7B6881715BAA9E700002F08 /* Supporting Files */ = {
			isa = PBXGroup;
			children = (
				C69C256516D453140008038E /* Default-568h@2x.png */,
				E7B6881815BAA9E700002F08 /* BWObjectMappingDemo-Info.plist */,
				E7B6881915BAA9E700002F08 /* InfoPlist.strings */,
				E7B6881C15BAA9E700002F08 /* main.m */,
				E7B6881E15BAA9E700002F08 /* BWObjectMappingDemo-Prefix.pch */,
			);
			name = "Supporting Files";
			sourceTree = "<group>";
		};
		E7B6883215BAA9E700002F08 /* BWObjectMappingDemoTests */ = {
			isa = PBXGroup;
			children = (
				E7B6883315BAA9E700002F08 /* Supporting Files */,
				E7B689FF15BAB69000002F08 /* BWObjectMapperSpecs.m */,
				C69C257016D471370008038E /* BWObjectMappingSpec.m */,
				E79D42D916F8DE6700F4FEA9 /* BWObjectMappingStringSpecs.m */,
			);
			path = BWObjectMappingDemoTests;
			sourceTree = "<group>";
		};
		E7B6883315BAA9E700002F08 /* Supporting Files */ = {
			isa = PBXGroup;
			children = (
				E7B6883415BAA9E700002F08 /* BWObjectMappingDemoTests-Info.plist */,
				E7B6883515BAA9E700002F08 /* InfoPlist.strings */,
			);
			name = "Supporting Files";
			sourceTree = "<group>";
		};
/* End PBXGroup section */

/* Begin PBXNativeTarget section */
		E7B6880915BAA9E700002F08 /* BWObjectMappingDemo */ = {
			isa = PBXNativeTarget;
			buildConfigurationList = E7B6883D15BAA9E700002F08 /* Build configuration list for PBXNativeTarget "BWObjectMappingDemo" */;
			buildPhases = (
				F74A3C81309756DB09341F1B /* Check Pods Manifest.lock */,
				E7B6880615BAA9E700002F08 /* Sources */,
				E7B6880715BAA9E700002F08 /* Frameworks */,
				E7B6880815BAA9E700002F08 /* Resources */,
				49DFBFA4D65E29C7FD141A8D /* Embed Pods Frameworks */,
				54B2A4E8A949B17F2C04D26C /* Copy Pods Resources */,
			);
			buildRules = (
			);
			dependencies = (
			);
			name = BWObjectMappingDemo;
			productName = BWObjectMappingDemo;
			productReference = E7B6880A15BAA9E700002F08 /* BWObjectMappingDemo.app */;
			productType = "com.apple.product-type.application";
		};
		E7B6882915BAA9E700002F08 /* BWObjectMappingDemoTests */ = {
			isa = PBXNativeTarget;
			buildConfigurationList = E7B6884015BAA9E700002F08 /* Build configuration list for PBXNativeTarget "BWObjectMappingDemoTests" */;
			buildPhases = (
				E7B6882515BAA9E700002F08 /* Sources */,
				E7B6882615BAA9E700002F08 /* Frameworks */,
				E7B6882715BAA9E700002F08 /* Resources */,
				E7B6882815BAA9E700002F08 /* ShellScript */,
			);
			buildRules = (
			);
			dependencies = (
				E7B6883115BAA9E700002F08 /* PBXTargetDependency */,
			);
			name = BWObjectMappingDemoTests;
			productName = BWObjectMappingDemoTests;
			productReference = E7B6882A15BAA9E700002F08 /* BWObjectMappingDemoTests.octest */;
			productType = "com.apple.product-type.bundle.ocunit-test";
		};
/* End PBXNativeTarget section */

/* Begin PBXProject section */
		E7B6880115BAA9E700002F08 /* Project object */ = {
			isa = PBXProject;
			attributes = {
				LastTestingUpgradeCheck = 0710;
				LastUpgradeCheck = 0710;
			};
			buildConfigurationList = E7B6880415BAA9E700002F08 /* Build configuration list for PBXProject "BWObjectMappingDemo" */;
			compatibilityVersion = "Xcode 3.2";
			developmentRegion = English;
			hasScannedForEncodings = 0;
			knownRegions = (
				en,
			);
			mainGroup = E7B687FF15BAA9E700002F08;
			productRefGroup = E7B6880B15BAA9E700002F08 /* Products */;
			projectDirPath = "";
			projectRoot = "";
			targets = (
				E7B6880915BAA9E700002F08 /* BWObjectMappingDemo */,
				E7B6882915BAA9E700002F08 /* BWObjectMappingDemoTests */,
			);
		};
/* End PBXProject section */

/* Begin PBXResourcesBuildPhase section */
		E7B6880815BAA9E700002F08 /* Resources */ = {
			isa = PBXResourcesBuildPhase;
			buildActionMask = 2147483647;
			files = (
				E7B6881B15BAA9E700002F08 /* InfoPlist.strings in Resources */,
				C69C256616D453140008038E /* Default-568h@2x.png in Resources */,
			);
			runOnlyForDeploymentPostprocessing = 0;
		};
		E7B6882715BAA9E700002F08 /* Resources */ = {
			isa = PBXResourcesBuildPhase;
			buildActionMask = 2147483647;
			files = (
				E7B6883715BAA9E700002F08 /* InfoPlist.strings in Resources */,
			);
			runOnlyForDeploymentPostprocessing = 0;
		};
/* End PBXResourcesBuildPhase section */

/* Begin PBXShellScriptBuildPhase section */
		49DFBFA4D65E29C7FD141A8D /* Embed Pods Frameworks */ = {
			isa = PBXShellScriptBuildPhase;
			buildActionMask = 2147483647;
			files = (
			);
			inputPaths = (
			);
			name = "Embed Pods Frameworks";
			outputPaths = (
			);
			runOnlyForDeploymentPostprocessing = 0;
			shellPath = /bin/sh;
			shellScript = "\"${SRCROOT}/Pods/Target Support Files/Pods/Pods-frameworks.sh\"\n";
			showEnvVarsInLog = 0;
		};
		54B2A4E8A949B17F2C04D26C /* Copy Pods Resources */ = {
			isa = PBXShellScriptBuildPhase;
			buildActionMask = 2147483647;
			files = (
			);
			inputPaths = (
			);
			name = "Copy Pods Resources";
			outputPaths = (
			);
			runOnlyForDeploymentPostprocessing = 0;
			shellPath = /bin/sh;
			shellScript = "\"${SRCROOT}/Pods/Target Support Files/Pods/Pods-resources.sh\"\n";
			showEnvVarsInLog = 0;
		};
		E7B6882815BAA9E700002F08 /* ShellScript */ = {
			isa = PBXShellScriptBuildPhase;
			buildActionMask = 2147483647;
			files = (
			);
			inputPaths = (
			);
			outputPaths = (
			);
			runOnlyForDeploymentPostprocessing = 0;
			shellPath = /bin/sh;
			shellScript = "# Run the unit tests in this test bundle.\n\"${SYSTEM_DEVELOPER_DIR}/Tools/RunUnitTests\"\n";
		};
		F74A3C81309756DB09341F1B /* Check Pods Manifest.lock */ = {
			isa = PBXShellScriptBuildPhase;
			buildActionMask = 2147483647;
			files = (
			);
			inputPaths = (
			);
			name = "Check Pods Manifest.lock";
			outputPaths = (
			);
			runOnlyForDeploymentPostprocessing = 0;
			shellPath = /bin/sh;
			shellScript = "diff \"${PODS_ROOT}/../Podfile.lock\" \"${PODS_ROOT}/Manifest.lock\" > /dev/null\nif [[ $? != 0 ]] ; then\n    cat << EOM\nerror: The sandbox is not in sync with the Podfile.lock. Run 'pod install' or update your CocoaPods installation.\nEOM\n    exit 1\nfi\n";
			showEnvVarsInLog = 0;
		};
/* End PBXShellScriptBuildPhase section */

/* Begin PBXSourcesBuildPhase section */
		E7B6880615BAA9E700002F08 /* Sources */ = {
			isa = PBXSourcesBuildPhase;
			buildActionMask = 2147483647;
			files = (
				E7B6881D15BAA9E700002F08 /* main.m in Sources */,
				E7B6882115BAA9E700002F08 /* AppDelegate.m in Sources */,
				E7B6882415BAA9E700002F08 /* BWObjectMappingDemo.xcdatamodeld in Sources */,
				E7B68A0D15BC5DC900002F08 /* Comment.m in Sources */,
				E7B68A2A15BC98A100002F08 /* User.m in Sources */,
				E7018D5515C65FB000D3ADEE /* Entity.m in Sources */,
				C69C256916D4534E0008038E /* Person.m in Sources */,
				C69C256C16D466B40008038E /* Car.m in Sources */,
				C69C256F16D46BA00008038E /* Engine.m in Sources */,
				C69C257416D4729A0008038E /* MappingProvider.m in Sources */,
				C69C257916D4FAA30008038E /* Wheel.m in Sources */,
			);
			runOnlyForDeploymentPostprocessing = 0;
		};
		E7B6882515BAA9E700002F08 /* Sources */ = {
			isa = PBXSourcesBuildPhase;
			buildActionMask = 2147483647;
			files = (
				E7B68A0015BAB69000002F08 /* BWObjectMapperSpecs.m in Sources */,
				C69C257116D471370008038E /* BWObjectMappingSpec.m in Sources */,
				E79D42DA16F8DE6700F4FEA9 /* BWObjectMappingStringSpecs.m in Sources */,
			);
			runOnlyForDeploymentPostprocessing = 0;
		};
/* End PBXSourcesBuildPhase section */

/* Begin PBXTargetDependency section */
		E7B6883115BAA9E700002F08 /* PBXTargetDependency */ = {
			isa = PBXTargetDependency;
			target = E7B6880915BAA9E700002F08 /* BWObjectMappingDemo */;
			targetProxy = E7B6883015BAA9E700002F08 /* PBXContainerItemProxy */;
		};
/* End PBXTargetDependency section */

/* Begin PBXVariantGroup section */
		E7B6881915BAA9E700002F08 /* InfoPlist.strings */ = {
			isa = PBXVariantGroup;
			children = (
				E7B6881A15BAA9E700002F08 /* en */,
			);
			name = InfoPlist.strings;
			sourceTree = "<group>";
		};
		E7B6883515BAA9E700002F08 /* InfoPlist.strings */ = {
			isa = PBXVariantGroup;
			children = (
				E7B6883615BAA9E700002F08 /* en */,
			);
			name = InfoPlist.strings;
			sourceTree = "<group>";
		};
/* End PBXVariantGroup section */

/* Begin XCBuildConfiguration section */
		E7B6883B15BAA9E700002F08 /* Debug */ = {
			isa = XCBuildConfiguration;
			buildSettings = {
				ALWAYS_SEARCH_USER_PATHS = NO;
				CLANG_ENABLE_OBJC_ARC = YES;
				CLANG_WARN_BOOL_CONVERSION = YES;
				CLANG_WARN_CONSTANT_CONVERSION = YES;
				CLANG_WARN_EMPTY_BODY = YES;
				CLANG_WARN_ENUM_CONVERSION = YES;
				CLANG_WARN_INT_CONVERSION = YES;
				CLANG_WARN_UNREACHABLE_CODE = YES;
				CLANG_WARN__DUPLICATE_METHOD_MATCH = YES;
				"CODE_SIGN_IDENTITY[sdk=iphoneos*]" = "iPhone Developer";
				COPY_PHASE_STRIP = NO;
				ENABLE_STRICT_OBJC_MSGSEND = YES;
				ENABLE_TESTABILITY = YES;
				GCC_C_LANGUAGE_STANDARD = gnu99;
				GCC_DYNAMIC_NO_PIC = NO;
				GCC_NO_COMMON_BLOCKS = YES;
				GCC_OPTIMIZATION_LEVEL = 0;
				GCC_PREPROCESSOR_DEFINITIONS = (
					"DEBUG=1",
					"$(inherited)",
				);
				GCC_SYMBOLS_PRIVATE_EXTERN = NO;
				GCC_VERSION = com.apple.compilers.llvm.clang.1_0;
				GCC_WARN_64_TO_32_BIT_CONVERSION = YES;
				GCC_WARN_ABOUT_RETURN_TYPE = YES;
				GCC_WARN_UNDECLARED_SELECTOR = YES;
				GCC_WARN_UNINITIALIZED_AUTOS = YES;
				GCC_WARN_UNUSED_FUNCTION = YES;
				GCC_WARN_UNUSED_VARIABLE = YES;
				IPHONEOS_DEPLOYMENT_TARGET = 5.1;
				ONLY_ACTIVE_ARCH = YES;
				SDKROOT = iphoneos;
				TARGETED_DEVICE_FAMILY = "1,2";
			};
			name = Debug;
		};
		E7B6883C15BAA9E700002F08 /* Release */ = {
			isa = XCBuildConfiguration;
			buildSettings = {
				ALWAYS_SEARCH_USER_PATHS = NO;
				CLANG_ENABLE_OBJC_ARC = YES;
				CLANG_WARN_BOOL_CONVERSION = YES;
				CLANG_WARN_CONSTANT_CONVERSION = YES;
				CLANG_WARN_EMPTY_BODY = YES;
				CLANG_WARN_ENUM_CONVERSION = YES;
				CLANG_WARN_INT_CONVERSION = YES;
				CLANG_WARN_UNREACHABLE_CODE = YES;
				CLANG_WARN__DUPLICATE_METHOD_MATCH = YES;
				"CODE_SIGN_IDENTITY[sdk=iphoneos*]" = "iPhone Developer";
				COPY_PHASE_STRIP = YES;
				ENABLE_STRICT_OBJC_MSGSEND = YES;
				GCC_C_LANGUAGE_STANDARD = gnu99;
				GCC_NO_COMMON_BLOCKS = YES;
				GCC_VERSION = com.apple.compilers.llvm.clang.1_0;
				GCC_WARN_64_TO_32_BIT_CONVERSION = YES;
				GCC_WARN_ABOUT_RETURN_TYPE = YES;
				GCC_WARN_UNDECLARED_SELECTOR = YES;
				GCC_WARN_UNINITIALIZED_AUTOS = YES;
				GCC_WARN_UNUSED_FUNCTION = YES;
				GCC_WARN_UNUSED_VARIABLE = YES;
				IPHONEOS_DEPLOYMENT_TARGET = 5.1;
				OTHER_CFLAGS = "-DNS_BLOCK_ASSERTIONS=1";
				SDKROOT = iphoneos;
				TARGETED_DEVICE_FAMILY = "1,2";
				VALIDATE_PRODUCT = YES;
			};
			name = Release;
		};
		E7B6883E15BAA9E700002F08 /* Debug */ = {
			isa = XCBuildConfiguration;
			baseConfigurationReference = CE4B1DA70BD01FCD848B20F4 /* Pods.debug.xcconfig */;
			buildSettings = {
				GCC_PRECOMPILE_PREFIX_HEADER = YES;
				GCC_PREFIX_HEADER = "BWObjectMappingDemo/BWObjectMappingDemo-Prefix.pch";
				INFOPLIST_FILE = "BWObjectMappingDemo/BWObjectMappingDemo-Info.plist";
				PRODUCT_BUNDLE_IDENTIFIER = "brunowernimont.${PRODUCT_NAME:rfc1034identifier}";
				PRODUCT_NAME = "$(TARGET_NAME)";
				WRAPPER_EXTENSION = app;
			};
			name = Debug;
		};
		E7B6883F15BAA9E700002F08 /* Release */ = {
			isa = XCBuildConfiguration;
			baseConfigurationReference = 4C0B7CAF967332D4AD4E5536 /* Pods.release.xcconfig */;
			buildSettings = {
				GCC_PRECOMPILE_PREFIX_HEADER = YES;
				GCC_PREFIX_HEADER = "BWObjectMappingDemo/BWObjectMappingDemo-Prefix.pch";
				INFOPLIST_FILE = "BWObjectMappingDemo/BWObjectMappingDemo-Info.plist";
				PRODUCT_BUNDLE_IDENTIFIER = "brunowernimont.${PRODUCT_NAME:rfc1034identifier}";
				PRODUCT_NAME = "$(TARGET_NAME)";
				WRAPPER_EXTENSION = app;
			};
			name = Release;
		};
		E7B6884115BAA9E700002F08 /* Debug */ = {
			isa = XCBuildConfiguration;
			buildSettings = {
				BUNDLE_LOADER = "$(BUILT_PRODUCTS_DIR)/BWObjectMappingDemo.app/BWObjectMappingDemo";
				FRAMEWORK_SEARCH_PATHS = (
					"$(SDKROOT)/Developer/Library/Frameworks",
					"$(DEVELOPER_LIBRARY_DIR)/Frameworks",
				);
				GCC_PRECOMPILE_PREFIX_HEADER = YES;
				GCC_PREFIX_HEADER = "BWObjectMappingDemo/BWObjectMappingDemo-Prefix.pch";
				INFOPLIST_FILE = "BWObjectMappingDemoTests/BWObjectMappingDemoTests-Info.plist";
				OTHER_LDFLAGS = (
					"-ObjC",
					"-all_load",
				);
				PRODUCT_BUNDLE_IDENTIFIER = "brunowernimont.${PRODUCT_NAME:rfc1034identifier}";
				PRODUCT_NAME = "$(TARGET_NAME)";
				TEST_HOST = "$(BUNDLE_LOADER)";
				USER_HEADER_SEARCH_PATHS = "$(SOURCE_ROOT)/Kiwi/**";
				WRAPPER_EXTENSION = octest;
			};
			name = Debug;
		};
		E7B6884215BAA9E700002F08 /* Release */ = {
			isa = XCBuildConfiguration;
			buildSettings = {
				BUNDLE_LOADER = "$(BUILT_PRODUCTS_DIR)/BWObjectMappingDemo.app/BWObjectMappingDemo";
				FRAMEWORK_SEARCH_PATHS = (
					"$(SDKROOT)/Developer/Library/Frameworks",
					"$(DEVELOPER_LIBRARY_DIR)/Frameworks",
				);
				GCC_PRECOMPILE_PREFIX_HEADER = YES;
				GCC_PREFIX_HEADER = "BWObjectMappingDemo/BWObjectMappingDemo-Prefix.pch";
				INFOPLIST_FILE = "BWObjectMappingDemoTests/BWObjectMappingDemoTests-Info.plist";
				OTHER_LDFLAGS = (
					"-ObjC",
					"-all_load",
				);
				PRODUCT_BUNDLE_IDENTIFIER = "brunowernimont.${PRODUCT_NAME:rfc1034identifier}";
				PRODUCT_NAME = "$(TARGET_NAME)";
				TEST_HOST = "$(BUNDLE_LOADER)";
				USER_HEADER_SEARCH_PATHS = "$(SOURCE_ROOT)/Kiwi/**";
				WRAPPER_EXTENSION = octest;
			};
			name = Release;
		};
/* End XCBuildConfiguration section */

/* Begin XCConfigurationList section */
		E7B6880415BAA9E700002F08 /* Build configuration list for PBXProject "BWObjectMappingDemo" */ = {
			isa = XCConfigurationList;
			buildConfigurations = (
				E7B6883B15BAA9E700002F08 /* Debug */,
				E7B6883C15BAA9E700002F08 /* Release */,
			);
			defaultConfigurationIsVisible = 0;
			defaultConfigurationName = Release;
		};
		E7B6883D15BAA9E700002F08 /* Build configuration list for PBXNativeTarget "BWObjectMappingDemo" */ = {
			isa = XCConfigurationList;
			buildConfigurations = (
				E7B6883E15BAA9E700002F08 /* Debug */,
				E7B6883F15BAA9E700002F08 /* Release */,
			);
			defaultConfigurationIsVisible = 0;
			defaultConfigurationName = Release;
		};
		E7B6884015BAA9E700002F08 /* Build configuration list for PBXNativeTarget "BWObjectMappingDemoTests" */ = {
			isa = XCConfigurationList;
			buildConfigurations = (
				E7B6884115BAA9E700002F08 /* Debug */,
				E7B6884215BAA9E700002F08 /* Release */,
			);
			defaultConfigurationIsVisible = 0;
			defaultConfigurationName = Release;
		};
/* End XCConfigurationList section */

/* Begin XCVersionGroup section */
		E7B6882215BAA9E700002F08 /* BWObjectMappingDemo.xcdatamodeld */ = {
			isa = XCVersionGroup;
			children = (
				E7B6882315BAA9E700002F08 /* BWObjectMappingDemo.xcdatamodel */,
			);
			currentVersion = E7B6882315BAA9E700002F08 /* BWObjectMappingDemo.xcdatamodel */;
			path = BWObjectMappingDemo.xcdatamodeld;
			sourceTree = "<group>";
			versionGroupType = wrapper.xcdatamodel;
		};
/* End XCVersionGroup section */
	};
	rootObject = E7B6880115BAA9E700002F08 /* Project object */;
}
